<?xml version="1.0" encoding="utf-8"?>
<Project ToolsVersion="4.0" xmlns="http://schemas.microsoft.com/developer/msbuild/2003">
  <ItemGroup>
    <Filter Include="Source Files">
      <UniqueIdentifier>{4FC737F1-C7A5-4376-A066-2A32D752A2FF}</UniqueIdentifier>
      <Extensions>cpp;c;cc;cxx;def;odl;idl;hpj;bat;asm;asmx</Extensions>
    </Filter>
    <Filter Include="Header Files">
      <UniqueIdentifier>{93995380-89BD-4b04-88EB-625FBE52EBFB}</UniqueIdentifier>
      <Extensions>h;hpp;hxx;hm;inl;inc;xsd</Extensions>
    </Filter>
    <Filter Include="Resource Files">
      <UniqueIdentifier>{67DA6AB6-F800-4c08-8B7A-83BB121AAD01}</UniqueIdentifier>
      <Extensions>rc;ico;cur;bmp;dlg;rc2;rct;bin;rgs;gif;jpg;jpeg;jpe;resx;tiff;tif;png;wav</Extensions>
    </Filter>
  </ItemGroup>
  <ItemGroup>
    <ClCompile Include="src\c\alphabet.cpp">
      <Filter>Source Files</Filter>
    </ClCompile>
    <ClCompile Include="src\c\analyze_psms.cpp">
      <Filter>Source Files</Filter>
    </ClCompile>
    <ClCompile Include="src\c\carp.cpp">
      <Filter>Source Files</Filter>
    </ClCompile>
    <ClCompile Include="src\c\ComputeQValues.cpp">
      <Filter>Source Files</Filter>
    </ClCompile>
    <ClCompile Include="src\c\CreateIndex.cpp">
      <Filter>Source Files</Filter>
    </ClCompile>
    <ClCompile Include="src\c\crux-main.cpp">
      <Filter>Source Files</Filter>
    </ClCompile>
    <ClCompile Include="src\c\crux-utils.cpp">
      <Filter>Source Files</Filter>
    </ClCompile>
    <ClCompile Include="src\c\CruxApplication.cpp">
      <Filter>Source Files</Filter>
    </ClCompile>
    <ClCompile Include="src\c\CruxApplicationList.cpp">
      <Filter>Source Files</Filter>
    </ClCompile>
    <ClCompile Include="src\c\database.cpp">
      <Filter>Source Files</Filter>
    </ClCompile>
    <ClCompile Include="src\c\DelimitedFile.cpp">
      <Filter>Source Files</Filter>
    </ClCompile>
    <ClCompile Include="src\c\DelimitedFileReader.cpp">
      <Filter>Source Files</Filter>
    </ClCompile>
    <ClCompile Include="src\c\DelimitedFileWriter.cpp">
      <Filter>Source Files</Filter>
    </ClCompile>
    <ClCompile Include="src\c\ExtractColumns.cpp">
      <Filter>Source Files</Filter>
    </ClCompile>
    <ClCompile Include="src\c\ExtractRows.cpp">
      <Filter>Source Files</Filter>
    </ClCompile>
    <ClCompile Include="src\c\FilteredSpectrumChargeIterator.cpp">
      <Filter>Source Files</Filter>
    </ClCompile>
    <ClCompile Include="src\c\generate_peptides.cpp">
      <Filter>Source Files</Filter>
    </ClCompile>
    <ClCompile Include="src\c\generate_peptides_iterator.cpp">
      <Filter>Source Files</Filter>
    </ClCompile>
    <ClCompile Include="src\c\get_ms2_spectrum.cpp">
      <Filter>Source Files</Filter>
    </ClCompile>
    <ClCompile Include="src\c\hash.cpp">
      <Filter>Source Files</Filter>
    </ClCompile>
    <ClCompile Include="src\c\index.cpp">
      <Filter>Source Files</Filter>
    </ClCompile>
    <ClCompile Include="src\c\Ion.cpp">
      <Filter>Source Files</Filter>
    </ClCompile>
    <ClCompile Include="src\c\IonConstraint.cpp">
      <Filter>Source Files</Filter>
    </ClCompile>
    <ClCompile Include="src\c\IonFilteredIterator.cpp">
      <Filter>Source Files</Filter>
    </ClCompile>
    <ClCompile Include="src\c\IonSeries.cpp">
      <Filter>Source Files</Filter>
    </ClCompile>
    <ClCompile Include="src\c\linked_list.cpp">
      <Filter>Source Files</Filter>
    </ClCompile>
    <ClCompile Include="src\c\mass.cpp">
      <Filter>Source Files</Filter>
    </ClCompile>
    <ClCompile Include="src\c\match.cpp">
      <Filter>Source Files</Filter>
    </ClCompile>
    <ClCompile Include="src\c\MatchColumns.cpp">
      <Filter>Source Files</Filter>
    </ClCompile>
    <ClCompile Include="src\c\MatchFileReader.cpp">
      <Filter>Source Files</Filter>
    </ClCompile>
    <ClCompile Include="src\c\MatchFileWriter.cpp">
      <Filter>Source Files</Filter>
    </ClCompile>
    <ClCompile Include="src\c\MatchSearch.cpp">
      <Filter>Source Files</Filter>
    </ClCompile>
    <ClCompile Include="src\c\match_collection.cpp">
      <Filter>Source Files</Filter>
    </ClCompile>
    <ClCompile Include="src\c\MGFSpectrumCollection.cpp">
      <Filter>Source Files</Filter>
    </ClCompile>
    <ClCompile Include="src\c\modifications.cpp">
      <Filter>Source Files</Filter>
    </ClCompile>
    <ClCompile Include="src\c\modified_peptides_iterator.cpp">
      <Filter>Source Files</Filter>
    </ClCompile>
    <ClCompile Include="src\c\MS2SpectrumCollection.cpp">
      <Filter>Source Files</Filter>
    </ClCompile>
    <ClCompile Include="src\c\MSToolkitSpectrumCollection.cpp">
      <Filter>Source Files</Filter>
    </ClCompile>
    <ClCompile Include="src\c\OutputFiles.cpp">
      <Filter>Source Files</Filter>
    </ClCompile>
    <ClCompile Include="src\c\parameter.cpp">
      <Filter>Source Files</Filter>
    </ClCompile>
    <ClCompile Include="src\c\parse_arguments.cpp">
      <Filter>Source Files</Filter>
    </ClCompile>
    <ClCompile Include="src\c\peak.cpp">
      <Filter>Source Files</Filter>
    </ClCompile>
    <ClCompile Include="src\c\peptide.cpp">
      <Filter>Source Files</Filter>
    </ClCompile>
    <ClCompile Include="src\c\peptide_constraint.cpp">
      <Filter>Source Files</Filter>
    </ClCompile>
    <ClCompile Include="src\c\peptide_modifications.cpp">
      <Filter>Source Files</Filter>
    </ClCompile>
    <ClCompile Include="src\c\peptide_src.cpp">
      <Filter>Source Files</Filter>
    </ClCompile>
    <ClCompile Include="src\c\Percolator.cpp">
      <Filter>Source Files</Filter>
    </ClCompile>
    <ClCompile Include="src\c\predict_peptide_ions.cpp">
      <Filter>Source Files</Filter>
    </ClCompile>
    <ClCompile Include="src\c\PrintProcessedSpectra.cpp">
      <Filter>Source Files</Filter>
    </ClCompile>
    <ClCompile Include="src\c\PrintVersion.cpp">
      <Filter>Source Files</Filter>
    </ClCompile>
    <ClCompile Include="src\c\Protein.cpp">
      <Filter>Source Files</Filter>
    </ClCompile>
    <ClCompile Include="src\c\ProteinPeptideIterator.cpp">
      <Filter>Source Files</Filter>
    </ClCompile>
    <ClCompile Include="src\c\protein_index.cpp">
      <Filter>Source Files</Filter>
    </ClCompile>
    <ClCompile Include="src\c\q-value.cpp">
      <Filter>Source Files</Filter>
    </ClCompile>
    <ClCompile Include="src\c\QRanker.cpp">
      <Filter>Source Files</Filter>
    </ClCompile>
    <ClCompile Include="src\c\scorer.cpp">
      <Filter>Source Files</Filter>
    </ClCompile>
    <ClCompile Include="src\c\SequestSearch.cpp">
      <Filter>Source Files</Filter>
    </ClCompile>
    <ClCompile Include="src\c\sorter.cpp">
      <Filter>Source Files</Filter>
    </ClCompile>
    <ClCompile Include="src\c\SpectralCounts.cpp">
      <Filter>Source Files</Filter>
    </ClCompile>
    <ClCompile Include="src\c\Spectrum.cpp">
      <Filter>Source Files</Filter>
    </ClCompile>
    <ClCompile Include="src\c\SpectrumCollection.cpp">
      <Filter>Source Files</Filter>
    </ClCompile>
    <ClCompile Include="src\c\SpectrumCollectionFactory.cpp">
      <Filter>Source Files</Filter>
    </ClCompile>
    <ClCompile Include="src\c\SpectrumZState.cpp">
      <Filter>Source Files</Filter>
    </ClCompile>
    <ClCompile Include="src\c\utils.cpp">
      <Filter>Source Files</Filter>
    </ClCompile>
    <ClCompile Include="src\c\arraylibrary\Arithmetic.cpp">
      <Filter>Source Files</Filter>
    </ClCompile>
    <ClCompile Include="src\c\arraylibrary\Array.cpp">
      <Filter>Source Files</Filter>
    </ClCompile>
    <ClCompile Include="src\c\arraylibrary\ArrayTypes.cpp">
      <Filter>Source Files</Filter>
    </ClCompile>
    <ClCompile Include="src\c\arraylibrary\MatrixFunctions.cpp">
      <Filter>Source Files</Filter>
    </ClCompile>
    <ClCompile Include="src\c\arraylibrary\Numerical.cpp">
      <Filter>Source Files</Filter>
    </ClCompile>
    <ClCompile Include="src\c\arraylibrary\OrderedArray.cpp">
      <Filter>Source Files</Filter>
    </ClCompile>
    <ClCompile Include="src\c\arraylibrary\PackedArray.cpp">
      <Filter>Source Files</Filter>
    </ClCompile>
    <ClCompile Include="src\c\arraylibrary\PackedMatrix.cpp">
      <Filter>Source Files</Filter>
    </ClCompile>
    <ClCompile Include="src\c\arraylibrary\PackedSetFunctions.cpp">
      <Filter>Source Files</Filter>
    </ClCompile>
    <ClCompile Include="src\c\arraylibrary\PackedVec.cpp">
      <Filter>Source Files</Filter>
    </ClCompile>
    <ClCompile Include="src\c\arraylibrary\Random.cpp">
      <Filter>Source Files</Filter>
    </ClCompile>
    <ClCompile Include="src\c\arraylibrary\SparseArray.cpp">
      <Filter>Source Files</Filter>
    </ClCompile>
    <ClCompile Include="src\c\arraylibrary\VectorFunctions.cpp">
      <Filter>Source Files</Filter>
    </ClCompile>
    <ClCompile Include="src\c\cuda\crux_cuda.c">
      <Filter>Source Files</Filter>
    </ClCompile>
    <ClCompile Include="src\c\drafts\peptide.c">
      <Filter>Source Files</Filter>
    </ClCompile>
    <ClCompile Include="src\c\mstoolkit\CMSReader.cpp">
      <Filter>Source Files</Filter>
    </ClCompile>
    <ClCompile Include="src\c\mstoolkit\CSpectrum.cpp">
      <Filter>Source Files</Filter>
    </ClCompile>
    <ClCompile Include="src\c\mstoolkit\MSConvertFile.cpp">
      <Filter>Source Files</Filter>
    </ClCompile>
    <ClCompile Include="src\c\mstoolkit\MSObject.cpp">
      <Filter>Source Files</Filter>
    </ClCompile>
    <ClCompile Include="src\c\mstoolkit\MSReader.cpp">
      <Filter>Source Files</Filter>
    </ClCompile>
    <ClCompile Include="src\c\mstoolkit\MSSingleScan.cpp">
      <Filter>Source Files</Filter>
    </ClCompile>
    <ClCompile Include="src\c\mstoolkit\MSTDemo.cpp">
      <Filter>Source Files</Filter>
    </ClCompile>
    <ClCompile Include="src\c\mstoolkit\Spectrum.cpp">
      <Filter>Source Files</Filter>
    </ClCompile>
    <ClCompile Include="src\c\mstoolkit\ramp\ramp.cpp">
      <Filter>Source Files</Filter>
    </ClCompile>
    <ClCompile Include="src\c\mstoolkit\ramp\ramp_base64.cpp">
      <Filter>Source Files</Filter>
    </ClCompile>
    <ClCompile Include="src\c\mstoolkit\zlib\adler32.c">
      <Filter>Source Files</Filter>
    </ClCompile>
    <ClCompile Include="src\c\mstoolkit\zlib\compress.c">
      <Filter>Source Files</Filter>
    </ClCompile>
    <ClCompile Include="src\c\mstoolkit\zlib\crc32.c">
      <Filter>Source Files</Filter>
    </ClCompile>
    <ClCompile Include="src\c\mstoolkit\zlib\deflate.c">
      <Filter>Source Files</Filter>
    </ClCompile>
    <ClCompile Include="src\c\mstoolkit\zlib\gzio.c">
      <Filter>Source Files</Filter>
    </ClCompile>
    <ClCompile Include="src\c\mstoolkit\zlib\infback.c">
      <Filter>Source Files</Filter>
    </ClCompile>
    <ClCompile Include="src\c\mstoolkit\zlib\inffast.c">
      <Filter>Source Files</Filter>
    </ClCompile>
    <ClCompile Include="src\c\mstoolkit\zlib\inflate.c">
      <Filter>Source Files</Filter>
    </ClCompile>
    <ClCompile Include="src\c\mstoolkit\zlib\inftrees.c">
      <Filter>Source Files</Filter>
    </ClCompile>
    <ClCompile Include="src\c\mstoolkit\zlib\trees.c">
      <Filter>Source Files</Filter>
    </ClCompile>
    <ClCompile Include="src\c\mstoolkit\zlib\uncompr.c">
      <Filter>Source Files</Filter>
    </ClCompile>
    <ClCompile Include="src\c\mstoolkit\zlib\zutil.c">
      <Filter>Source Files</Filter>
    </ClCompile>
    <ClCompile Include="src\c\percolator\BaseSpline.cpp">
      <Filter>Source Files</Filter>
    </ClCompile>
    <ClCompile Include="src\c\percolator\Caller.cpp">
      <Filter>Source Files</Filter>
    </ClCompile>
    <ClCompile Include="src\c\percolator\DataSet.cpp">
      <Filter>Source Files</Filter>
    </ClCompile>
    <ClCompile Include="src\c\percolator\Globals.cpp">
      <Filter>Source Files</Filter>
    </ClCompile>
    <ClCompile Include="src\c\percolator\LogisticRegression.cpp">
      <Filter>Source Files</Filter>
    </ClCompile>
    <ClCompile Include="src\c\percolator\Normalizer.cpp">
      <Filter>Source Files</Filter>
    </ClCompile>
    <ClCompile Include="src\c\percolator\Option.cpp">
      <Filter>Source Files</Filter>
    </ClCompile>
    <ClCompile Include="src\c\percolator\PercolatorCInterface.cpp">
      <Filter>Source Files</Filter>
    </ClCompile>
    <ClCompile Include="src\c\percolator\PosteriorEstimator.cpp">
      <Filter>Source Files</Filter>
    </ClCompile>
    <ClCompile Include="src\c\percolator\qvality_main.cpp">
      <Filter>Source Files</Filter>
    </ClCompile>
    <ClCompile Include="src\c\percolator\ResultHolder.cpp">
      <Filter>Source Files</Filter>
    </ClCompile>
    <ClCompile Include="src\c\percolator\SanityCheck.cpp">
      <Filter>Source Files</Filter>
    </ClCompile>
    <ClCompile Include="src\c\percolator\Scores.cpp">
      <Filter>Source Files</Filter>
    </ClCompile>
    <ClCompile Include="src\c\percolator\SqtSanityCheck.cpp">
      <Filter>Source Files</Filter>
    </ClCompile>
    <ClCompile Include="src\c\percolator\StdvNormalizer.cpp">
      <Filter>Source Files</Filter>
    </ClCompile>
    <ClCompile Include="src\c\percolator\UniNormalizer.cpp">
      <Filter>Source Files</Filter>
    </ClCompile>
    <ClCompile Include="src\c\q-ranker\BaseSpline.cpp">
      <Filter>Source Files</Filter>
    </ClCompile>
    <ClCompile Include="src\c\q-ranker\Caller.cpp">
      <Filter>Source Files</Filter>
    </ClCompile>
    <ClCompile Include="src\c\q-ranker\DataSet.cpp">
      <Filter>Source Files</Filter>
    </ClCompile>
    <ClCompile Include="src\c\q-ranker\DescriptionOfCorrect.cpp">
      <Filter>Source Files</Filter>
    </ClCompile>
    <ClCompile Include="src\c\q-ranker\FeatureNames.cpp">
      <Filter>Source Files</Filter>
    </ClCompile>
    <ClCompile Include="src\c\q-ranker\Globals.cpp">
      <Filter>Source Files</Filter>
    </ClCompile>
    <ClCompile Include="src\c\q-ranker\LogisticRegression.cpp">
      <Filter>Source Files</Filter>
    </ClCompile>
    <ClCompile Include="src\c\q-ranker\Net.cpp">
      <Filter>Source Files</Filter>
    </ClCompile>
    <ClCompile Include="src\c\q-ranker\Normalizer.cpp">
      <Filter>Source Files</Filter>
    </ClCompile>
    <ClCompile Include="src\c\q-ranker\Option.cpp">
      <Filter>Source Files</Filter>
    </ClCompile>
    <ClCompile Include="src\c\q-ranker\PosteriorEstimator.cpp">
      <Filter>Source Files</Filter>
    </ClCompile>
    <ClCompile Include="src\c\q-ranker\PSMDescription.cpp">
      <Filter>Source Files</Filter>
    </ClCompile>
    <ClCompile Include="src\c\q-ranker\QRankerCInterface.cpp">
      <Filter>Source Files</Filter>
    </ClCompile>
    <ClCompile Include="src\c\q-ranker\qvality_main.cpp">
      <Filter>Source Files</Filter>
    </ClCompile>
    <ClCompile Include="src\c\q-ranker\ResultHolder.cpp">
      <Filter>Source Files</Filter>
    </ClCompile>
    <ClCompile Include="src\c\q-ranker\SanityCheck.cpp">
      <Filter>Source Files</Filter>
    </ClCompile>
    <ClCompile Include="src\c\q-ranker\Scores.cpp">
      <Filter>Source Files</Filter>
    </ClCompile>
    <ClCompile Include="src\c\q-ranker\SqtSanityCheck.cpp">
      <Filter>Source Files</Filter>
    </ClCompile>
    <ClCompile Include="src\c\q-ranker\StdvNormalizer.cpp">
      <Filter>Source Files</Filter>
    </ClCompile>
    <ClCompile Include="src\c\q-ranker\TrainNet.cpp">
      <Filter>Source Files</Filter>
    </ClCompile>
    <ClCompile Include="src\c\q-ranker\UniNormalizer.cpp">
      <Filter>Source Files</Filter>
    </ClCompile>
    <ClCompile Include="src\c\test\unit-tests\crux-unit-tests.c">
      <Filter>Source Files</Filter>
    </ClCompile>
    <ClCompile Include="src\c\xlink\AccurateMonoMass.cpp">
      <Filter>Source Files</Filter>
    </ClCompile>
    <ClCompile Include="src\c\xlink\SearchForXLinks.cpp">
      <Filter>Source Files</Filter>
    </ClCompile>
    <ClCompile Include="src\c\xlink\xhhc.cpp">
      <Filter>Source Files</Filter>
    </ClCompile>
    <ClCompile Include="src\c\xlink\xhhc_ion_series.cpp">
      <Filter>Source Files</Filter>
    </ClCompile>
    <ClCompile Include="src\c\xlink\xhhc_make_histogram.cpp">
      <Filter>Source Files</Filter>
    </ClCompile>
    <ClCompile Include="src\c\xlink\xhhc_predict_peptide_ions.cpp">
      <Filter>Source Files</Filter>
    </ClCompile>
    <ClCompile Include="src\c\xlink\xhhc_scorer.cpp">
      <Filter>Source Files</Filter>
    </ClCompile>
    <ClCompile Include="src\c\xlink\xhhc_score_peptide_spectrum.cpp">
      <Filter>Source Files</Filter>
    </ClCompile>
    <ClCompile Include="src\c\xlink\xhhc_search.cpp">
      <Filter>Source Files</Filter>
    </ClCompile>
    <ClCompile Include="src\c\xlink\XLinkBondMap.cpp">
      <Filter>Source Files</Filter>
    </ClCompile>
    <ClCompile Include="src\c\xlink\XLinkSite.cpp">
      <Filter>Source Files</Filter>
    </ClCompile>
    <ClCompile Include="src\c\xlink\xlink_assign_ions.cpp">
      <Filter>Source Files</Filter>
    </ClCompile>
    <ClCompile Include="src\c\xlink\xlink_compute_qvalues.cpp">
      <Filter>Source Files</Filter>
    </ClCompile>
    <ClCompile Include="src\external\MSObject.cpp">
      <Filter>Source Files</Filter>
    </ClCompile>
    <ClCompile Include="src\external\MSReader.cpp">
      <Filter>Source Files</Filter>
    </ClCompile>
    <ClCompile Include="src\external\MSTDemo.cpp">
      <Filter>Source Files</Filter>
    </ClCompile>
    <ClCompile Include="src\external\Spectrum.cpp">
      <Filter>Source Files</Filter>
    </ClCompile>
    <ClCompile Include="src\external\ramp\base64.c">
      <Filter>Source Files</Filter>
    </ClCompile>
    <ClCompile Include="src\external\ramp\ramp.c">
      <Filter>Source Files</Filter>
    </ClCompile>
    <ClCompile Include="src\external\zlib\adler32.c">
      <Filter>Source Files</Filter>
    </ClCompile>
    <ClCompile Include="src\external\zlib\compress.c">
      <Filter>Source Files</Filter>
    </ClCompile>
    <ClCompile Include="src\external\zlib\crc32.c">
      <Filter>Source Files</Filter>
    </ClCompile>
    <ClCompile Include="src\external\zlib\deflate.c">
      <Filter>Source Files</Filter>
    </ClCompile>
    <ClCompile Include="src\external\zlib\gzio.c">
      <Filter>Source Files</Filter>
    </ClCompile>
    <ClCompile Include="src\external\zlib\infback.c">
      <Filter>Source Files</Filter>
    </ClCompile>
    <ClCompile Include="src\external\zlib\inffast.c">
      <Filter>Source Files</Filter>
    </ClCompile>
    <ClCompile Include="src\external\zlib\inflate.c">
      <Filter>Source Files</Filter>
    </ClCompile>
    <ClCompile Include="src\external\zlib\inftrees.c">
      <Filter>Source Files</Filter>
    </ClCompile>
    <ClCompile Include="src\external\zlib\trees.c">
      <Filter>Source Files</Filter>
    </ClCompile>
    <ClCompile Include="src\external\zlib\uncompr.c">
      <Filter>Source Files</Filter>
    </ClCompile>
    <ClCompile Include="src\external\zlib\zutil.c">
      <Filter>Source Files</Filter>
    </ClCompile>
  </ItemGroup>
  <ItemGroup>
    <None Include="src\c\test\cppunit-tests\cppunit-1.12.1\examples\msvc6\cppunittestapp\res\CppUnitTestApp.rc2">
      <Filter>Resource Files</Filter>
    </None>
    <None Include="src\c\test\cppunit-tests\cppunit-1.12.1\examples\msvc6\hostapp\res\HostApp.rc2">
      <Filter>Resource Files</Filter>
    </None>
    <None Include="src\c\test\cppunit-tests\cppunit-1.12.1\src\msvc6\dsplugin\DSPlugIn.rgs">
      <Filter>Resource Files</Filter>
    </None>
    <None Include="src\c\test\cppunit-tests\cppunit-1.12.1\src\msvc6\dsplugin\res\DSPlugIn.rc2">
      <Filter>Resource Files</Filter>
    </None>
    <None Include="src\c\test\cppunit-tests\cppunit-1.12.1\src\msvc6\testpluginrunner\res\TestPlugInRunner.rc2">
      <Filter>Resource Files</Filter>
    </None>
    <None Include="src\c\test\cppunit-tests\cppunit-1.12.1\src\msvc6\testrunner\res\TestRunner.rc2">
      <Filter>Resource Files</Filter>
    </None>
  </ItemGroup>
  <ItemGroup>
    <ClInclude Include="src\c\alphabet.h">
      <Filter>Header Files</Filter>
    </ClInclude>
    <ClInclude Include="src\c\analyze_psms.h">
      <Filter>Header Files</Filter>
    </ClInclude>
    <ClInclude Include="src\c\carp.h">
      <Filter>Header Files</Filter>
    </ClInclude>
    <ClInclude Include="src\c\ComputeQValues.h">
      <Filter>Header Files</Filter>
    </ClInclude>
    <ClInclude Include="src\c\CreateIndex.h">
      <Filter>Header Files</Filter>
    </ClInclude>
    <ClInclude Include="src\c\crux-file-utils.h">
      <Filter>Header Files</Filter>
    </ClInclude>
    <ClInclude Include="src\c\crux-main.h">
      <Filter>Header Files</Filter>
    </ClInclude>
    <ClInclude Include="src\c\crux-utils.h">
      <Filter>Header Files</Filter>
    </ClInclude>
    <ClInclude Include="src\c\CruxApplication.h">
      <Filter>Header Files</Filter>
    </ClInclude>
    <ClInclude Include="src\c\CruxApplicationList.h">
      <Filter>Header Files</Filter>
    </ClInclude>
    <ClInclude Include="src\c\database.h">
      <Filter>Header Files</Filter>
    </ClInclude>
    <ClInclude Include="src\c\DelimitedFile.h">
      <Filter>Header Files</Filter>
    </ClInclude>
    <ClInclude Include="src\c\DelimitedFileReader.h">
      <Filter>Header Files</Filter>
    </ClInclude>
    <ClInclude Include="src\c\DelimitedFileWriter.h">
      <Filter>Header Files</Filter>
    </ClInclude>
    <ClInclude Include="src\c\ExtractColumns.h">
      <Filter>Header Files</Filter>
    </ClInclude>
    <ClInclude Include="src\c\ExtractRows.h">
      <Filter>Header Files</Filter>
    </ClInclude>
    <ClInclude Include="src\c\FilteredSpectrumChargeIterator.h">
      <Filter>Header Files</Filter>
    </ClInclude>
    <ClInclude Include="src\c\generate_peptides_iterator.h">
      <Filter>Header Files</Filter>
    </ClInclude>
    <ClInclude Include="src\c\hash.h">
      <Filter>Header Files</Filter>
    </ClInclude>
    <ClInclude Include="src\c\index.h">
      <Filter>Header Files</Filter>
    </ClInclude>
    <ClInclude Include="src\c\Ion.h">
      <Filter>Header Files</Filter>
    </ClInclude>
    <ClInclude Include="src\c\IonConstraint.h">
      <Filter>Header Files</Filter>
    </ClInclude>
    <ClInclude Include="src\c\IonFilteredIterator.h">
      <Filter>Header Files</Filter>
    </ClInclude>
    <ClInclude Include="src\c\IonSeries.h">
      <Filter>Header Files</Filter>
    </ClInclude>
    <ClInclude Include="src\c\linked_list.h">
      <Filter>Header Files</Filter>
    </ClInclude>
    <ClInclude Include="src\c\mass.h">
      <Filter>Header Files</Filter>
    </ClInclude>
    <ClInclude Include="src\c\match.h">
      <Filter>Header Files</Filter>
    </ClInclude>
    <ClInclude Include="src\c\MatchColumns.h">
      <Filter>Header Files</Filter>
    </ClInclude>
    <ClInclude Include="src\c\MatchFileReader.h">
      <Filter>Header Files</Filter>
    </ClInclude>
    <ClInclude Include="src\c\MatchFileWriter.h">
      <Filter>Header Files</Filter>
    </ClInclude>
    <ClInclude Include="src\c\MatchSearch.h">
      <Filter>Header Files</Filter>
    </ClInclude>
    <ClInclude Include="src\c\match_collection.h">
      <Filter>Header Files</Filter>
    </ClInclude>
    <ClInclude Include="src\c\modifications.h">
      <Filter>Header Files</Filter>
    </ClInclude>
    <ClInclude Include="src\c\modified_peptides_iterator.h">
      <Filter>Header Files</Filter>
    </ClInclude>
    <ClInclude Include="src\c\MS2SpectrumCollection.h">
      <Filter>Header Files</Filter>
    </ClInclude>
    <ClInclude Include="src\c\MSToolkitSpectrumCollection.h">
      <Filter>Header Files</Filter>
    </ClInclude>
    <ClInclude Include="src\c\objects.h">
      <Filter>Header Files</Filter>
    </ClInclude>
    <ClInclude Include="src\c\OutputFiles.h">
      <Filter>Header Files</Filter>
    </ClInclude>
    <ClInclude Include="src\c\parameter.h">
      <Filter>Header Files</Filter>
    </ClInclude>
    <ClInclude Include="src\c\parse_arguments.h">
      <Filter>Header Files</Filter>
    </ClInclude>
    <ClInclude Include="src\c\peak.h">
      <Filter>Header Files</Filter>
    </ClInclude>
    <ClInclude Include="src\c\peptide.h">
      <Filter>Header Files</Filter>
    </ClInclude>
    <ClInclude Include="src\c\peptide_constraint.h">
      <Filter>Header Files</Filter>
    </ClInclude>
    <ClInclude Include="src\c\peptide_modifications.h">
      <Filter>Header Files</Filter>
    </ClInclude>
    <ClInclude Include="src\c\peptide_src.h">
      <Filter>Header Files</Filter>
    </ClInclude>
    <ClInclude Include="src\c\Percolator.h">
      <Filter>Header Files</Filter>
    </ClInclude>
    <ClInclude Include="src\c\PrintProcessedSpectra.h">
      <Filter>Header Files</Filter>
    </ClInclude>
    <ClInclude Include="src\c\PrintVersion.h">
      <Filter>Header Files</Filter>
    </ClInclude>
    <ClInclude Include="src\c\Protein.h">
      <Filter>Header Files</Filter>
    </ClInclude>
    <ClInclude Include="src\c\ProteinPeptideIterator.h">
      <Filter>Header Files</Filter>
    </ClInclude>
    <ClInclude Include="src\c\protein_index.h">
      <Filter>Header Files</Filter>
    </ClInclude>
    <ClInclude Include="src\c\q-value.h">
      <Filter>Header Files</Filter>
    </ClInclude>
    <ClInclude Include="src\c\QRanker.h">
      <Filter>Header Files</Filter>
    </ClInclude>
    <ClInclude Include="src\c\scorer.h">
      <Filter>Header Files</Filter>
    </ClInclude>
    <ClInclude Include="src\c\SequestSearch.h">
      <Filter>Header Files</Filter>
    </ClInclude>
    <ClInclude Include="src\c\sorter.h">
      <Filter>Header Files</Filter>
    </ClInclude>
    <ClInclude Include="src\c\SpectralCounts.h">
      <Filter>Header Files</Filter>
    </ClInclude>
    <ClInclude Include="src\c\Spectrum.h">
      <Filter>Header Files</Filter>
    </ClInclude>
    <ClInclude Include="src\c\SpectrumCollection.h">
      <Filter>Header Files</Filter>
    </ClInclude>
    <ClInclude Include="src\c\SpectrumCollectionFactory.h">
      <Filter>Header Files</Filter>
    </ClInclude>
    <ClInclude Include="src\c\SpectrumZState.h">
      <Filter>Header Files</Filter>
    </ClInclude>
    <ClInclude Include="src\c\utils.h">
      <Filter>Header Files</Filter>
    </ClInclude>
    <ClInclude Include="src\c\version.h">
      <Filter>Header Files</Filter>
    </ClInclude>
    <ClInclude Include="src\c\xlink_compute_qvalues.h">
      <Filter>Header Files</Filter>
    </ClInclude>
    <ClInclude Include="src\c\xlink_search.h">
      <Filter>Header Files</Filter>
    </ClInclude>
    <ClInclude Include="src\c\arraylibrary\Arithmetic.h">
      <Filter>Header Files</Filter>
    </ClInclude>
    <ClInclude Include="src\c\arraylibrary\Array.h">
      <Filter>Header Files</Filter>
    </ClInclude>
    <ClInclude Include="src\c\arraylibrary\ArrayLibrary.h">
      <Filter>Header Files</Filter>
    </ClInclude>
    <ClInclude Include="src\c\arraylibrary\ArrayTypes.h">
      <Filter>Header Files</Filter>
    </ClInclude>
    <ClInclude Include="src\c\arraylibrary\MatrixFunctions.h">
      <Filter>Header Files</Filter>
    </ClInclude>
    <ClInclude Include="src\c\arraylibrary\Numerical.h">
      <Filter>Header Files</Filter>
    </ClInclude>
    <ClInclude Include="src\c\arraylibrary\OrderedArray.h">
      <Filter>Header Files</Filter>
    </ClInclude>
    <ClInclude Include="src\c\arraylibrary\PackedArray.h">
      <Filter>Header Files</Filter>
    </ClInclude>
    <ClInclude Include="src\c\arraylibrary\PackedMatrix.h">
      <Filter>Header Files</Filter>
    </ClInclude>
    <ClInclude Include="src\c\arraylibrary\PackedSetFunctions.h">
      <Filter>Header Files</Filter>
    </ClInclude>
    <ClInclude Include="src\c\arraylibrary\PackedVec.h">
      <Filter>Header Files</Filter>
    </ClInclude>
    <ClInclude Include="src\c\arraylibrary\Random.h">
      <Filter>Header Files</Filter>
    </ClInclude>
    <ClInclude Include="src\c\arraylibrary\SparseArray.h">
      <Filter>Header Files</Filter>
    </ClInclude>
    <ClInclude Include="src\c\arraylibrary\VectorFunctions.h">
      <Filter>Header Files</Filter>
    </ClInclude>
    <ClInclude Include="src\c\mstoolkit\CSpectrum.h">
      <Filter>Header Files</Filter>
    </ClInclude>
    <ClInclude Include="src\c\mstoolkit\MSObject.h">
      <Filter>Header Files</Filter>
    </ClInclude>
    <ClInclude Include="src\c\mstoolkit\MSReader.h">
      <Filter>Header Files</Filter>
    </ClInclude>
    <ClInclude Include="src\c\mstoolkit\MSToolkitTypes.h">
      <Filter>Header Files</Filter>
    </ClInclude>
    <ClInclude Include="src\c\mstoolkit\Spectrum.h">
      <Filter>Header Files</Filter>
    </ClInclude>
    <ClInclude Include="src\c\mstoolkit\ramp\ramp.h">
      <Filter>Header Files</Filter>
    </ClInclude>
    <ClInclude Include="src\c\mstoolkit\ramp\ramp_base64.h">
      <Filter>Header Files</Filter>
    </ClInclude>
    <ClInclude Include="src\c\mstoolkit\zlib\crc32.h">
      <Filter>Header Files</Filter>
    </ClInclude>
    <ClInclude Include="src\c\mstoolkit\zlib\deflate.h">
      <Filter>Header Files</Filter>
    </ClInclude>
    <ClInclude Include="src\c\mstoolkit\zlib\inffast.h">
      <Filter>Header Files</Filter>
    </ClInclude>
    <ClInclude Include="src\c\mstoolkit\zlib\inffixed.h">
      <Filter>Header Files</Filter>
    </ClInclude>
    <ClInclude Include="src\c\mstoolkit\zlib\inflate.h">
      <Filter>Header Files</Filter>
    </ClInclude>
    <ClInclude Include="src\c\mstoolkit\zlib\inftrees.h">
      <Filter>Header Files</Filter>
    </ClInclude>
    <ClInclude Include="src\c\mstoolkit\zlib\trees.h">
      <Filter>Header Files</Filter>
    </ClInclude>
    <ClInclude Include="src\c\mstoolkit\zlib\zconf.h">
      <Filter>Header Files</Filter>
    </ClInclude>
    <ClInclude Include="src\c\mstoolkit\zlib\zlib.h">
      <Filter>Header Files</Filter>
    </ClInclude>
    <ClInclude Include="src\c\percolator\BaseSpline.h">
      <Filter>Header Files</Filter>
    </ClInclude>
    <ClInclude Include="src\c\percolator\Caller.h">
      <Filter>Header Files</Filter>
    </ClInclude>
    <ClInclude Include="src\c\percolator\DataSet.h">
      <Filter>Header Files</Filter>
    </ClInclude>
    <ClInclude Include="src\c\percolator\Globals.h">
      <Filter>Header Files</Filter>
    </ClInclude>
    <ClInclude Include="src\c\percolator\IntraSetRelation.h">
      <Filter>Header Files</Filter>
    </ClInclude>
    <ClInclude Include="src\c\percolator\LogisticRegression.h">
      <Filter>Header Files</Filter>
    </ClInclude>
    <ClInclude Include="src\c\percolator\Normalizer.h">
      <Filter>Header Files</Filter>
    </ClInclude>
    <ClInclude Include="src\c\percolator\Option.h">
      <Filter>Header Files</Filter>
    </ClInclude>
    <ClInclude Include="src\c\percolator\PercolatorCInterface.h">
      <Filter>Header Files</Filter>
    </ClInclude>
    <ClInclude Include="src\c\percolator\PosteriorEstimator.h">
      <Filter>Header Files</Filter>
    </ClInclude>
    <ClInclude Include="src\c\percolator\ResultHolder.h">
      <Filter>Header Files</Filter>
    </ClInclude>
    <ClInclude Include="src\c\percolator\SanityCheck.h">
      <Filter>Header Files</Filter>
    </ClInclude>
    <ClInclude Include="src\c\percolator\Scores.h">
      <Filter>Header Files</Filter>
    </ClInclude>
    <ClInclude Include="src\c\percolator\SetHandler.h">
      <Filter>Header Files</Filter>
    </ClInclude>
    <ClInclude Include="src\c\percolator\SqtSanityCheck.h">
      <Filter>Header Files</Filter>
    </ClInclude>
    <ClInclude Include="src\c\percolator\ssl.h">
      <Filter>Header Files</Filter>
    </ClInclude>
    <ClInclude Include="src\c\percolator\StdvNormalizer.h">
      <Filter>Header Files</Filter>
    </ClInclude>
    <ClInclude Include="src\c\percolator\Transform.h">
      <Filter>Header Files</Filter>
    </ClInclude>
    <ClInclude Include="src\c\percolator\UniNormalizer.h">
      <Filter>Header Files</Filter>
    </ClInclude>
    <ClInclude Include="src\c\q-ranker\BaseSpline.h">
      <Filter>Header Files</Filter>
    </ClInclude>
    <ClInclude Include="src\c\q-ranker\Caller.h">
      <Filter>Header Files</Filter>
    </ClInclude>
    <ClInclude Include="src\c\q-ranker\config.h">
      <Filter>Header Files</Filter>
    </ClInclude>
    <ClInclude Include="src\c\q-ranker\DataSet.h">
      <Filter>Header Files</Filter>
    </ClInclude>
    <ClInclude Include="src\c\q-ranker\FeatureNames.h">
      <Filter>Header Files</Filter>
    </ClInclude>
    <ClInclude Include="src\c\q-ranker\Globals.h">
      <Filter>Header Files</Filter>
    </ClInclude>
    <ClInclude Include="src\c\q-ranker\IntraSetRelation.h">
      <Filter>Header Files</Filter>
    </ClInclude>
    <ClInclude Include="src\c\q-ranker\LogisticRegression.h">
      <Filter>Header Files</Filter>
    </ClInclude>
    <ClInclude Include="src\c\q-ranker\Net.h">
      <Filter>Header Files</Filter>
    </ClInclude>
    <ClInclude Include="src\c\q-ranker\Normalizer.h">
      <Filter>Header Files</Filter>
    </ClInclude>
    <ClInclude Include="src\c\q-ranker\Option.h">
      <Filter>Header Files</Filter>
    </ClInclude>
    <ClInclude Include="src\c\q-ranker\PercolatorCommon.h">
      <Filter>Header Files</Filter>
    </ClInclude>
    <ClInclude Include="src\c\q-ranker\PosteriorEstimator.h">
      <Filter>Header Files</Filter>
    </ClInclude>
    <ClInclude Include="src\c\q-ranker\PSMDescription.h">
      <Filter>Header Files</Filter>
    </ClInclude>
    <ClInclude Include="src\c\q-ranker\QRankerCInterface.h">
      <Filter>Header Files</Filter>
    </ClInclude>
    <ClInclude Include="src\c\q-ranker\ResultHolder.h">
      <Filter>Header Files</Filter>
    </ClInclude>
    <ClInclude Include="src\c\q-ranker\SanityCheck.h">
      <Filter>Header Files</Filter>
    </ClInclude>
    <ClInclude Include="src\c\q-ranker\Scores.h">
      <Filter>Header Files</Filter>
    </ClInclude>
    <ClInclude Include="src\c\q-ranker\SetHandler.h">
      <Filter>Header Files</Filter>
    </ClInclude>
    <ClInclude Include="src\c\q-ranker\SqtSanityCheck.h">
      <Filter>Header Files</Filter>
    </ClInclude>
    <ClInclude Include="src\c\q-ranker\ssl.h">
      <Filter>Header Files</Filter>
    </ClInclude>
    <ClInclude Include="src\c\q-ranker\StdvNormalizer.h">
      <Filter>Header Files</Filter>
    </ClInclude>
    <ClInclude Include="src\c\q-ranker\Transform.h">
      <Filter>Header Files</Filter>
    </ClInclude>
    <ClInclude Include="src\c\q-ranker\UniNormalizer.h">
      <Filter>Header Files</Filter>
    </ClInclude>
    <ClInclude Include="src\c\test\cppunit-tests\cppunit-1.12.1\examples\clockerplugin\Timer.h">
      <Filter>Header Files</Filter>
    </ClInclude>
    <ClInclude Include="src\c\test\cppunit-tests\cppunit-1.12.1\examples\cppunittest\assertion_traitsTest.h">
      <Filter>Header Files</Filter>
    </ClInclude>
    <ClInclude Include="src\c\test\cppunit-tests\cppunit-1.12.1\examples\cppunittest\BaseTestCase.h">
      <Filter>Header Files</Filter>
    </ClInclude>
    <ClInclude Include="src\c\test\cppunit-tests\cppunit-1.12.1\examples\cppunittest\FailureException.h">
      <Filter>Header Files</Filter>
    </ClInclude>
    <ClInclude Include="src\c\test\cppunit-tests\cppunit-1.12.1\examples\cppunittest\OrthodoxTest.h">
      <Filter>Header Files</Filter>
    </ClInclude>
    <ClInclude Include="src\c\test\cppunit-tests\cppunit-1.12.1\examples\cppunittest\OutputSuite.h">
      <Filter>Header Files</Filter>
    </ClInclude>
    <ClInclude Include="src\c\test\cppunit-tests\cppunit-1.12.1\examples\cppunittest\ToolsSuite.h">
      <Filter>Header Files</Filter>
    </ClInclude>
    <ClInclude Include="src\c\test\cppunit-tests\cppunit-1.12.1\examples\hierarchy\BoardGame.h">
      <Filter>Header Files</Filter>
    </ClInclude>
    <ClInclude Include="src\c\test\cppunit-tests\cppunit-1.12.1\examples\hierarchy\BoardGameTest.h">
      <Filter>Header Files</Filter>
    </ClInclude>
    <ClInclude Include="src\c\test\cppunit-tests\cppunit-1.12.1\examples\msvc6\cppunittestapp\Resource.h">
      <Filter>Header Files</Filter>
    </ClInclude>
    <ClInclude Include="src\c\test\cppunit-tests\cppunit-1.12.1\examples\msvc6\hostapp\MainFrm.h">
      <Filter>Header Files</Filter>
    </ClInclude>
    <ClInclude Include="src\c\test\cppunit-tests\cppunit-1.12.1\examples\msvc6\hostapp\Resource.h">
      <Filter>Header Files</Filter>
    </ClInclude>
    <ClInclude Include="src\c\test\cppunit-tests\cppunit-1.12.1\include\cppunit\AdditionalMessage.h">
      <Filter>Header Files</Filter>
    </ClInclude>
    <ClInclude Include="src\c\test\cppunit-tests\cppunit-1.12.1\include\cppunit\Asserter.h">
      <Filter>Header Files</Filter>
    </ClInclude>
    <ClInclude Include="src\c\test\cppunit-tests\cppunit-1.12.1\include\cppunit\BriefTestProgressListener.h">
      <Filter>Header Files</Filter>
    </ClInclude>
    <ClInclude Include="src\c\test\cppunit-tests\cppunit-1.12.1\include\cppunit\Outputter.h">
      <Filter>Header Files</Filter>
    </ClInclude>
    <ClInclude Include="src\c\test\cppunit-tests\cppunit-1.12.1\include\cppunit\Portability.h">
      <Filter>Header Files</Filter>
    </ClInclude>
    <ClInclude Include="src\c\test\cppunit-tests\cppunit-1.12.1\include\cppunit\SourceLine.h">
      <Filter>Header Files</Filter>
    </ClInclude>
    <ClInclude Include="src\c\test\cppunit-tests\cppunit-1.12.1\include\cppunit\config\SourcePrefix.h">
      <Filter>Header Files</Filter>
    </ClInclude>
    <ClInclude Include="src\c\test\cppunit-tests\cppunit-1.12.1\include\cppunit\extensions\AutoRegisterSuite.h">
      <Filter>Header Files</Filter>
    </ClInclude>
    <ClInclude Include="src\c\test\cppunit-tests\cppunit-1.12.1\include\cppunit\extensions\Orthodox.h">
      <Filter>Header Files</Filter>
    </ClInclude>
    <ClInclude Include="src\c\test\cppunit-tests\cppunit-1.12.1\include\cppunit\portability\FloatingPoint.h">
      <Filter>Header Files</Filter>
    </ClInclude>
    <ClInclude Include="src\c\test\cppunit-tests\cppunit-1.12.1\include\cppunit\portability\Stream.h">
      <Filter>Header Files</Filter>
    </ClInclude>
    <ClInclude Include="src\c\test\cppunit-tests\cppunit-1.12.1\include\cppunit\tools\Algorithm.h">
      <Filter>Header Files</Filter>
    </ClInclude>
    <ClInclude Include="src\c\test\cppunit-tests\cppunit-1.12.1\include\cppunit\tools\StringTools.h">
      <Filter>Header Files</Filter>
    </ClInclude>
    <ClInclude Include="src\c\test\cppunit-tests\cppunit-1.12.1\include\cppunit\ui\qt\Config.h">
      <Filter>Header Files</Filter>
    </ClInclude>
    <ClInclude Include="src\c\test\cppunit-tests\cppunit-1.12.1\include\cppunit\ui\qt\QtTestRunner.h">
      <Filter>Header Files</Filter>
    </ClInclude>
    <ClInclude Include="src\c\test\cppunit-tests\cppunit-1.12.1\src\cppunit\DefaultProtector.h">
      <Filter>Header Files</Filter>
    </ClInclude>
    <ClInclude Include="src\c\test\cppunit-tests\cppunit-1.12.1\src\msvc6\dsplugin\resource.h">
      <Filter>Header Files</Filter>
    </ClInclude>
    <ClInclude Include="src\c\test\cppunit-tests\cppunit-1.12.1\src\msvc6\testpluginrunner\Resource.h">
      <Filter>Header Files</Filter>
    </ClInclude>
    <ClInclude Include="src\c\test\cppunit-tests\cppunit-1.12.1\src\msvc6\testrunner\ActiveTest.h">
      <Filter>Header Files</Filter>
    </ClInclude>
    <ClInclude Include="src\c\test\cppunit-tests\cppunit-1.12.1\src\msvc6\testrunner\ListCtrlFormatter.h">
      <Filter>Header Files</Filter>
    </ClInclude>
    <ClInclude Include="src\c\test\cppunit-tests\cppunit-1.12.1\src\msvc6\testrunner\ListCtrlSetter.h">
      <Filter>Header Files</Filter>
    </ClInclude>
    <ClInclude Include="src\c\test\cppunit-tests\cppunit-1.12.1\src\msvc6\testrunner\MsDevCallerListCtrl.h">
      <Filter>Header Files</Filter>
    </ClInclude>
    <ClInclude Include="src\c\test\cppunit-tests\cppunit-1.12.1\src\msvc6\testrunner\Resource.h">
      <Filter>Header Files</Filter>
    </ClInclude>
    <ClInclude Include="src\c\test\cppunit-tests\cppunit-1.12.1\src\msvc6\testrunner\ResourceLoaders.h">
      <Filter>Header Files</Filter>
    </ClInclude>
    <ClInclude Include="src\c\test\cppunit-tests\cppunit-1.12.1\src\msvc6\testrunner\dynamicwindow\SizeCBar.h">
      <Filter>Header Files</Filter>
    </ClInclude>
    <ClInclude Include="src\c\test\unit-tests\check\config.h">
      <Filter>Header Files</Filter>
    </ClInclude>
    <ClInclude Include="src\c\xlink\SearchForXLinks.h">
      <Filter>Header Files</Filter>
    </ClInclude>
    <ClInclude Include="src\c\xlink\xhhc.h">
      <Filter>Header Files</Filter>
    </ClInclude>
    <ClInclude Include="src\c\xlink\xhhc_ion_series.h">
      <Filter>Header Files</Filter>
    </ClInclude>
    <ClInclude Include="src\c\xlink\xhhc_scorer.h">
      <Filter>Header Files</Filter>
    </ClInclude>
    <ClInclude Include="src\c\xlink\XLinkBondMap.h">
      <Filter>Header Files</Filter>
    </ClInclude>
    <ClInclude Include="src\c\xlink\XLinkSite.h">
      <Filter>Header Files</Filter>
    </ClInclude>
    <ClInclude Include="src\external\MSObject.h">
      <Filter>Header Files</Filter>
    </ClInclude>
    <ClInclude Include="src\external\MSReader.h">
      <Filter>Header Files</Filter>
    </ClInclude>
    <ClInclude Include="src\external\MSToolkitTypes.h">
      <Filter>Header Files</Filter>
    </ClInclude>
    <ClInclude Include="src\external\Spectrum.h">
      <Filter>Header Files</Filter>
    </ClInclude>
    <ClInclude Include="src\external\ramp\base64.h">
      <Filter>Header Files</Filter>
    </ClInclude>
    <ClInclude Include="src\external\ramp\ramp.h">
      <Filter>Header Files</Filter>
    </ClInclude>
    <ClInclude Include="src\external\zlib\crc32.h">
      <Filter>Header Files</Filter>
    </ClInclude>
    <ClInclude Include="src\external\zlib\deflate.h">
      <Filter>Header Files</Filter>
    </ClInclude>
    <ClInclude Include="src\external\zlib\inffast.h">
      <Filter>Header Files</Filter>
    </ClInclude>
    <ClInclude Include="src\external\zlib\inffixed.h">
      <Filter>Header Files</Filter>
    </ClInclude>
    <ClInclude Include="src\external\zlib\inflate.h">
      <Filter>Header Files</Filter>
    </ClInclude>
    <ClInclude Include="src\external\zlib\inftrees.h">
      <Filter>Header Files</Filter>
    </ClInclude>
    <ClInclude Include="src\external\zlib\trees.h">
      <Filter>Header Files</Filter>
    </ClInclude>
    <ClInclude Include="src\external\zlib\zconf.h">
      <Filter>Header Files</Filter>
    </ClInclude>
    <ClInclude Include="src\external\zlib\zutil.h">
      <Filter>Header Files</Filter>
    </ClInclude>
  </ItemGroup>
  <ItemGroup>
    <ResourceCompile Include="src\c\test\cppunit-tests\cppunit-1.12.1\examples\msvc6\cppunittestapp\CppUnitTestApp.rc">
      <Filter>Resource Files</Filter>
    </ResourceCompile>
    <ResourceCompile Include="src\c\test\cppunit-tests\cppunit-1.12.1\examples\msvc6\hostapp\HostApp.rc">
      <Filter>Resource Files</Filter>
    </ResourceCompile>
    <ResourceCompile Include="src\c\test\cppunit-tests\cppunit-1.12.1\src\msvc6\dsplugin\DSPlugIn.rc">
      <Filter>Resource Files</Filter>
    </ResourceCompile>
    <ResourceCompile Include="src\c\test\cppunit-tests\cppunit-1.12.1\src\msvc6\testpluginrunner\TestPlugInRunner.rc">
      <Filter>Resource Files</Filter>
    </ResourceCompile>
    <ResourceCompile Include="src\c\test\cppunit-tests\cppunit-1.12.1\src\msvc6\testrunner\TestRunner.rc">
      <Filter>Resource Files</Filter>
    </ResourceCompile>
  </ItemGroup>
</Project>